
Microsoft Visual Studio Solution File, Format Version 12.00
# Visual Studio Version 17
VisualStudioVersion = 17.5.002.0
MinimumVisualStudioVersion = 10.0.40219.1
Project("{2150E333-8FDC-42A3-9474-1A3956D46DE8}") = "Semana1", "Semana1", "{D4429E3B-755A-4CAA-8F55-E0061ED49001}"
EndProject
Project("{9A19103F-16F7-4668-BE54-9A1E7A4F7556}") = "MeuPrimeiroProjeto", "Semana1\MeuPrimeiroProjeto\MeuPrimeiroProjeto.csproj", "{ACEAC96A-3A57-45A9-A85F-F81B6CD763FC}"
EndProject
Global
	GlobalSection(SolutionConfigurationPlatforms) = preSolution
		Debug|Any CPU = Debug|Any CPU
		Release|Any CPU = Release|Any CPU
	EndGlobalSection
	GlobalSection(ProjectConfigurationPlatforms) = postSolution
		{ACEAC96A-3A57-45A9-A85F-F81B6CD763FC}.Debug|Any CPU.ActiveCfg = Debug|Any CPU
		{ACEAC96A-3A57-45A9-A85F-F81B6CD763FC}.Debug|Any CPU.Build.0 = Debug|Any CPU
		{ACEAC96A-3A57-45A9-A85F-F81B6CD763FC}.Release|Any CPU.ActiveCfg = Release|Any CPU
		{ACEAC96A-3A57-45A9-A85F-F81B6CD763FC}.Release|Any CPU.Build.0 = Release|Any CPU
	EndGlobalSection
	GlobalSection(SolutionProperties) = preSolution
		HideSolutionNode = FALSE
	EndGlobalSection
	GlobalSection(NestedProjects) = preSolution
		{ACEAC96A-3A57-45A9-A85F-F81B6CD763FC} = {D4429E3B-755A-4CAA-8F55-E0061ED49001}
	EndGlobalSection
	GlobalSection(ExtensibilityGlobals) = postSolution
		SolutionGuid = {A00BC344-0151-4B49-B5D7-45E287342497}
	EndGlobalSection
EndGlobal
