
Microsoft Visual Studio Solution File, Format Version 12.00
# Visual Studio Version 17
VisualStudioVersion = 17.5.002.0
MinimumVisualStudioVersion = 10.0.40219.1
Project("{2150E333-8FDC-42A3-9474-1A3956D46DE8}") = "Semana1", "Semana1", "{87EC8010-E2C0-480E-9B30-0F2E27B63B54}"
EndProject
Project("{9A19103F-16F7-4668-BE54-9A1E7A4F7556}") = "MeuPrimeiroProjeto", "Semana1\MeuPrimeiroProjeto\MeuPrimeiroProjeto.csproj", "{9B11ACD6-F00F-4565-820A-9D98B5D9CA5C}"
EndProject
Project("{2150E333-8FDC-42A3-9474-1A3956D46DE8}") = "Semana2", "Semana2", "{1BA6DC4B-288E-41A2-8C44-BB315D0C093A}"
EndProject
Project("{FAE04EC0-301F-11D3-BF4B-00C04F79EFBC}") = "Exemplos_Aula", "Semana2\Exemplos_Aula\Exemplos_Aula.csproj", "{5EA5679C-2B39-479F-BA60-7023B8D75586}"
EndProject
Global
	GlobalSection(SolutionConfigurationPlatforms) = preSolution
		Debug|Any CPU = Debug|Any CPU
		Release|Any CPU = Release|Any CPU
	EndGlobalSection
	GlobalSection(ProjectConfigurationPlatforms) = postSolution
		{9B11ACD6-F00F-4565-820A-9D98B5D9CA5C}.Debug|Any CPU.ActiveCfg = Debug|Any CPU
		{9B11ACD6-F00F-4565-820A-9D98B5D9CA5C}.Debug|Any CPU.Build.0 = Debug|Any CPU
		{9B11ACD6-F00F-4565-820A-9D98B5D9CA5C}.Release|Any CPU.ActiveCfg = Release|Any CPU
		{9B11ACD6-F00F-4565-820A-9D98B5D9CA5C}.Release|Any CPU.Build.0 = Release|Any CPU
		{5EA5679C-2B39-479F-BA60-7023B8D75586}.Debug|Any CPU.ActiveCfg = Debug|Any CPU
		{5EA5679C-2B39-479F-BA60-7023B8D75586}.Debug|Any CPU.Build.0 = Debug|Any CPU
		{5EA5679C-2B39-479F-BA60-7023B8D75586}.Release|Any CPU.ActiveCfg = Release|Any CPU
		{5EA5679C-2B39-479F-BA60-7023B8D75586}.Release|Any CPU.Build.0 = Release|Any CPU
	EndGlobalSection
	GlobalSection(SolutionProperties) = preSolution
		HideSolutionNode = FALSE
	EndGlobalSection
	GlobalSection(NestedProjects) = preSolution
		{9B11ACD6-F00F-4565-820A-9D98B5D9CA5C} = {87EC8010-E2C0-480E-9B30-0F2E27B63B54}
		{5EA5679C-2B39-479F-BA60-7023B8D75586} = {1BA6DC4B-288E-41A2-8C44-BB315D0C093A}
	EndGlobalSection
	GlobalSection(ExtensibilityGlobals) = postSolution
		SolutionGuid = {A8AB2AB9-30B4-4D9D-A6F4-758493F5A6B4}
	EndGlobalSection
EndGlobal
