
Microsoft Visual Studio Solution File, Format Version 12.00
# Visual Studio Version 17
VisualStudioVersion = 17.5.002.0
MinimumVisualStudioVersion = 10.0.40219.1
Project("{2150E333-8FDC-42A3-9474-1A3956D46DE8}") = "Semana1", "Semana1", "{347DE17F-3742-4985-B0D3-99FBE153DB41}"
EndProject
Project("{9A19103F-16F7-4668-BE54-9A1E7A4F7556}") = "MeuPrimeiroProjeto", "Semana1\MeuPrimeiroProjeto\MeuPrimeiroProjeto.csproj", "{4C453D63-C342-4E86-8187-4311014D9826}"
EndProject
Project("{2150E333-8FDC-42A3-9474-1A3956D46DE8}") = "Semana2", "Semana2", "{BA4FB255-F64B-449B-92BE-2B14590DE408}"
EndProject
Project("{FAE04EC0-301F-11D3-BF4B-00C04F79EFBC}") = "ExemplosAula", "Semana2\ExemplosAula\ExemplosAula.csproj", "{C8C08F29-EACD-4EB2-8768-469F6C9E877E}"
EndProject
Global
	GlobalSection(SolutionConfigurationPlatforms) = preSolution
		Debug|Any CPU = Debug|Any CPU
		Release|Any CPU = Release|Any CPU
	EndGlobalSection
	GlobalSection(ProjectConfigurationPlatforms) = postSolution
		{4C453D63-C342-4E86-8187-4311014D9826}.Debug|Any CPU.ActiveCfg = Debug|Any CPU
		{4C453D63-C342-4E86-8187-4311014D9826}.Debug|Any CPU.Build.0 = Debug|Any CPU
		{4C453D63-C342-4E86-8187-4311014D9826}.Release|Any CPU.ActiveCfg = Release|Any CPU
		{4C453D63-C342-4E86-8187-4311014D9826}.Release|Any CPU.Build.0 = Release|Any CPU
		{C8C08F29-EACD-4EB2-8768-469F6C9E877E}.Debug|Any CPU.ActiveCfg = Debug|Any CPU
		{C8C08F29-EACD-4EB2-8768-469F6C9E877E}.Debug|Any CPU.Build.0 = Debug|Any CPU
		{C8C08F29-EACD-4EB2-8768-469F6C9E877E}.Release|Any CPU.ActiveCfg = Release|Any CPU
		{C8C08F29-EACD-4EB2-8768-469F6C9E877E}.Release|Any CPU.Build.0 = Release|Any CPU
	EndGlobalSection
	GlobalSection(SolutionProperties) = preSolution
		HideSolutionNode = FALSE
	EndGlobalSection
	GlobalSection(NestedProjects) = preSolution
		{4C453D63-C342-4E86-8187-4311014D9826} = {347DE17F-3742-4985-B0D3-99FBE153DB41}
		{C8C08F29-EACD-4EB2-8768-469F6C9E877E} = {BA4FB255-F64B-449B-92BE-2B14590DE408}
	EndGlobalSection
	GlobalSection(ExtensibilityGlobals) = postSolution
		SolutionGuid = {7AAACFA5-00E1-45A7-826C-D28DFF99C342}
	EndGlobalSection
EndGlobal
