
Microsoft Visual Studio Solution File, Format Version 12.00
# Visual Studio Version 17
VisualStudioVersion = 17.0.31903.59
MinimumVisualStudioVersion = 10.0.40219.1
Project("{2150E333-8FDC-42A3-9474-1A3956D46DE8}") = "Modulo1", "Modulo1", "{F008BC1E-D57D-42E0-BA7C-D0DFED714DF3}"
EndProject
Project("{FAE04EC0-301F-11D3-BF4B-00C04F79EFBC}") = "MinimalAPI", "Modulo1\MinimalAPI\MinimalAPI.csproj", "{1C93234F-95BE-43CF-9F0F-F4619706B23C}"
EndProject
Project("{2150E333-8FDC-42A3-9474-1A3956D46DE8}") = "Modulo2", "Modulo2", "{AC803B3B-D7EF-4E5B-BC7E-B9CC0A9BA9A6}"
EndProject
Project("{FAE04EC0-301F-11D3-BF4B-00C04F79EFBC}") = "TechMed_EFCore", "Modulo2\TechMed_EFCore\TechMed_EFCore.csproj", "{5ED13EB6-D8B2-438A-B66E-F79965CE4236}"
EndProject
Project("{FAE04EC0-301F-11D3-BF4B-00C04F79EFBC}") = "TechMed.Domain", "Modulo2\TechMed.Domain\TechMed.Domain.csproj", "{F160317A-647A-4B0E-9136-4A29121B660A}"
EndProject
Project("{FAE04EC0-301F-11D3-BF4B-00C04F79EFBC}") = "TechMed.Infra.Data", "Modulo2\TechMed.Infra\TechMed.Infra.Data.csproj", "{C2B66CC8-7BAE-4E92-AA62-C7A84BC05718}"
EndProject
Project("{2150E333-8FDC-42A3-9474-1A3956D46DE8}") = "Modulo3", "Modulo3", "{08A1BAA4-85E6-4B73-8513-4229365829DB}"
EndProject
Project("{FAE04EC0-301F-11D3-BF4B-00C04F79EFBC}") = "TechMed.WebAPI", "Modulo3\TechMed.WebAPI\TechMed.WebAPI.csproj", "{6EFAD0D4-0CD5-48C1-828E-0F5B38C9E8AE}"
EndProject
Project("{FAE04EC0-301F-11D3-BF4B-00C04F79EFBC}") = "TechMed.Core", "Modulo3\TechMed.Core\TechMed.Core.csproj", "{01F82926-3E3D-4DB0-B6C3-2EBF547B3B35}"
EndProject
Project("{FAE04EC0-301F-11D3-BF4B-00C04F79EFBC}") = "TechMed.Infrastructure", "Modulo3\TechMed.Infrastructure\TechMed.Infrastructure.csproj", "{5A9A853C-FAF9-4862-A8C8-DB3C2FC1B2C1}"
EndProject
Project("{FAE04EC0-301F-11D3-BF4B-00C04F79EFBC}") = "TechMed.Application", "Modulo3\TechMed.Application\TechMed.Application.csproj", "{6E285006-8F57-4F1D-A420-BA184CFDBAE8}"
EndProject
Project("{2150E333-8FDC-42A3-9474-1A3956D46DE8}") = "Modulo4", "Modulo4", "{05BE09B2-F357-4B3E-87FD-16E59837FB99}"
EndProject
Project("{FAE04EC0-301F-11D3-BF4B-00C04F79EFBC}") = "MinimalAPi_Example", "Modulo4\MinimalAPi_Example\MinimalAPi_Example.csproj", "{66E39AFD-36B3-48CE-A165-0F1D5D7B642D}"
EndProject
Global
	GlobalSection(SolutionConfigurationPlatforms) = preSolution
		Debug|Any CPU = Debug|Any CPU
		Release|Any CPU = Release|Any CPU
	EndGlobalSection
	GlobalSection(ProjectConfigurationPlatforms) = postSolution
		{1C93234F-95BE-43CF-9F0F-F4619706B23C}.Debug|Any CPU.ActiveCfg = Debug|Any CPU
		{1C93234F-95BE-43CF-9F0F-F4619706B23C}.Debug|Any CPU.Build.0 = Debug|Any CPU
		{1C93234F-95BE-43CF-9F0F-F4619706B23C}.Release|Any CPU.ActiveCfg = Release|Any CPU
		{1C93234F-95BE-43CF-9F0F-F4619706B23C}.Release|Any CPU.Build.0 = Release|Any CPU
		{5ED13EB6-D8B2-438A-B66E-F79965CE4236}.Debug|Any CPU.ActiveCfg = Debug|Any CPU
		{5ED13EB6-D8B2-438A-B66E-F79965CE4236}.Debug|Any CPU.Build.0 = Debug|Any CPU
		{5ED13EB6-D8B2-438A-B66E-F79965CE4236}.Release|Any CPU.ActiveCfg = Release|Any CPU
		{5ED13EB6-D8B2-438A-B66E-F79965CE4236}.Release|Any CPU.Build.0 = Release|Any CPU
		{F160317A-647A-4B0E-9136-4A29121B660A}.Debug|Any CPU.ActiveCfg = Debug|Any CPU
		{F160317A-647A-4B0E-9136-4A29121B660A}.Debug|Any CPU.Build.0 = Debug|Any CPU
		{F160317A-647A-4B0E-9136-4A29121B660A}.Release|Any CPU.ActiveCfg = Release|Any CPU
		{F160317A-647A-4B0E-9136-4A29121B660A}.Release|Any CPU.Build.0 = Release|Any CPU
		{C2B66CC8-7BAE-4E92-AA62-C7A84BC05718}.Debug|Any CPU.ActiveCfg = Debug|Any CPU
		{C2B66CC8-7BAE-4E92-AA62-C7A84BC05718}.Debug|Any CPU.Build.0 = Debug|Any CPU
		{C2B66CC8-7BAE-4E92-AA62-C7A84BC05718}.Release|Any CPU.ActiveCfg = Release|Any CPU
		{C2B66CC8-7BAE-4E92-AA62-C7A84BC05718}.Release|Any CPU.Build.0 = Release|Any CPU
		{6EFAD0D4-0CD5-48C1-828E-0F5B38C9E8AE}.Debug|Any CPU.ActiveCfg = Debug|Any CPU
		{6EFAD0D4-0CD5-48C1-828E-0F5B38C9E8AE}.Debug|Any CPU.Build.0 = Debug|Any CPU
		{6EFAD0D4-0CD5-48C1-828E-0F5B38C9E8AE}.Release|Any CPU.ActiveCfg = Release|Any CPU
		{6EFAD0D4-0CD5-48C1-828E-0F5B38C9E8AE}.Release|Any CPU.Build.0 = Release|Any CPU
		{01F82926-3E3D-4DB0-B6C3-2EBF547B3B35}.Debug|Any CPU.ActiveCfg = Debug|Any CPU
		{01F82926-3E3D-4DB0-B6C3-2EBF547B3B35}.Debug|Any CPU.Build.0 = Debug|Any CPU
		{01F82926-3E3D-4DB0-B6C3-2EBF547B3B35}.Release|Any CPU.ActiveCfg = Release|Any CPU
		{01F82926-3E3D-4DB0-B6C3-2EBF547B3B35}.Release|Any CPU.Build.0 = Release|Any CPU
		{5A9A853C-FAF9-4862-A8C8-DB3C2FC1B2C1}.Debug|Any CPU.ActiveCfg = Debug|Any CPU
		{5A9A853C-FAF9-4862-A8C8-DB3C2FC1B2C1}.Debug|Any CPU.Build.0 = Debug|Any CPU
		{5A9A853C-FAF9-4862-A8C8-DB3C2FC1B2C1}.Release|Any CPU.ActiveCfg = Release|Any CPU
		{5A9A853C-FAF9-4862-A8C8-DB3C2FC1B2C1}.Release|Any CPU.Build.0 = Release|Any CPU
		{6E285006-8F57-4F1D-A420-BA184CFDBAE8}.Debug|Any CPU.ActiveCfg = Debug|Any CPU
		{6E285006-8F57-4F1D-A420-BA184CFDBAE8}.Debug|Any CPU.Build.0 = Debug|Any CPU
		{6E285006-8F57-4F1D-A420-BA184CFDBAE8}.Release|Any CPU.ActiveCfg = Release|Any CPU
		{6E285006-8F57-4F1D-A420-BA184CFDBAE8}.Release|Any CPU.Build.0 = Release|Any CPU
		{66E39AFD-36B3-48CE-A165-0F1D5D7B642D}.Debug|Any CPU.ActiveCfg = Debug|Any CPU
		{66E39AFD-36B3-48CE-A165-0F1D5D7B642D}.Debug|Any CPU.Build.0 = Debug|Any CPU
		{66E39AFD-36B3-48CE-A165-0F1D5D7B642D}.Release|Any CPU.ActiveCfg = Release|Any CPU
		{66E39AFD-36B3-48CE-A165-0F1D5D7B642D}.Release|Any CPU.Build.0 = Release|Any CPU
	EndGlobalSection
	GlobalSection(SolutionProperties) = preSolution
		HideSolutionNode = FALSE
	EndGlobalSection
	GlobalSection(NestedProjects) = preSolution
		{1C93234F-95BE-43CF-9F0F-F4619706B23C} = {F008BC1E-D57D-42E0-BA7C-D0DFED714DF3}
		{5ED13EB6-D8B2-438A-B66E-F79965CE4236} = {AC803B3B-D7EF-4E5B-BC7E-B9CC0A9BA9A6}
		{F160317A-647A-4B0E-9136-4A29121B660A} = {AC803B3B-D7EF-4E5B-BC7E-B9CC0A9BA9A6}
		{C2B66CC8-7BAE-4E92-AA62-C7A84BC05718} = {AC803B3B-D7EF-4E5B-BC7E-B9CC0A9BA9A6}
		{6EFAD0D4-0CD5-48C1-828E-0F5B38C9E8AE} = {08A1BAA4-85E6-4B73-8513-4229365829DB}
		{01F82926-3E3D-4DB0-B6C3-2EBF547B3B35} = {08A1BAA4-85E6-4B73-8513-4229365829DB}
		{5A9A853C-FAF9-4862-A8C8-DB3C2FC1B2C1} = {08A1BAA4-85E6-4B73-8513-4229365829DB}
		{6E285006-8F57-4F1D-A420-BA184CFDBAE8} = {08A1BAA4-85E6-4B73-8513-4229365829DB}
		{66E39AFD-36B3-48CE-A165-0F1D5D7B642D} = {05BE09B2-F357-4B3E-87FD-16E59837FB99}
	EndGlobalSection
EndGlobal
